
Microsoft Visual Studio Solution File, Format Version 12.00
# Visual Studio Version 17
VisualStudioVersion = 17.5.002.0
MinimumVisualStudioVersion = 10.0.40219.1
Project("{9A19103F-16F7-4668-BE54-9A1E7A4F7556}") = "cse210-projects", "cse210-projects.csproj", "{347FEAB7-DC4F-400E-860B-C365D3AC869F}"
EndProject
Project("{2150E333-8FDC-42A3-9474-1A3956D46DE8}") = "csharp-prep", "csharp-prep", "{7EC5C013-63B7-4532-9045-5541E3559FA1}"
EndProject
Project("{9A19103F-16F7-4668-BE54-9A1E7A4F7556}") = "Prep1", "csharp-prep\Prep1\Prep1.csproj", "{3A73BB8C-E8EB-4155-A009-263D577B5605}"
EndProject
Project("{9A19103F-16F7-4668-BE54-9A1E7A4F7556}") = "Prep2", "csharp-prep\Prep2\Prep2.csproj", "{77B1D662-AB61-4D3D-9601-CD432CCBCCEE}"
EndProject
Project("{9A19103F-16F7-4668-BE54-9A1E7A4F7556}") = "Prep3", "csharp-prep\Prep3\Prep3.csproj", "{699ED8BC-C6EC-4002-84FF-DF6BEC876DB7}"
EndProject
Project("{9A19103F-16F7-4668-BE54-9A1E7A4F7556}") = "Prep4", "csharp-prep\Prep4\Prep4.csproj", "{070904D8-140F-4A1C-B9D4-1A934DBF1B49}"
EndProject
Project("{9A19103F-16F7-4668-BE54-9A1E7A4F7556}") = "Prep5", "csharp-prep\Prep5\Prep5.csproj", "{C6679660-2ADC-411D-9FB4-E849EC14E429}"
EndProject
Project("{2150E333-8FDC-42A3-9474-1A3956D46DE8}") = "foundation", "foundation", "{DA6AC5EC-8C9B-40F1-8C00-757BCBB6FC07}"
EndProject
Project("{9A19103F-16F7-4668-BE54-9A1E7A4F7556}") = "Foundation1", "foundation\Foundation1\Foundation1.csproj", "{6139816B-4A0E-4069-8157-A09308991624}"
EndProject
Project("{9A19103F-16F7-4668-BE54-9A1E7A4F7556}") = "Foundation2", "foundation\Foundation2\Foundation2.csproj", "{B9BDCC57-4BF6-4A6D-8AE6-6C259115FF30}"
EndProject
Project("{9A19103F-16F7-4668-BE54-9A1E7A4F7556}") = "Foundation3", "foundation\Foundation3\Foundation3.csproj", "{AFEBC157-3811-4C76-87F7-F2DA92201157}"
EndProject
Project("{2150E333-8FDC-42A3-9474-1A3956D46DE8}") = "prepare", "prepare", "{B50FE095-69EC-4AC4-BF8D-3B2102088A32}"
EndProject
Project("{9A19103F-16F7-4668-BE54-9A1E7A4F7556}") = "Learning02", "prepare\Learning02\Learning02.csproj", "{8A19CCF9-7FFE-46C1-8C47-2163CF813B8E}"
EndProject
Project("{9A19103F-16F7-4668-BE54-9A1E7A4F7556}") = "Learning03", "prepare\Learning03\Learning03.csproj", "{10F07899-705F-4DDA-BF04-68967E4793D6}"
EndProject
Project("{9A19103F-16F7-4668-BE54-9A1E7A4F7556}") = "Learning05", "prepare\Learning05\Learning05.csproj", "{4C409212-590F-4E23-AF8D-6D1F4022BDEC}"
EndProject
Project("{9A19103F-16F7-4668-BE54-9A1E7A4F7556}") = "Learning06", "prepare\Learning06\Learning06.csproj", "{8DF1528B-37D5-437B-99C0-95464EC89EDB}"
EndProject
Project("{2150E333-8FDC-42A3-9474-1A3956D46DE8}") = "prove", "prove", "{8DEC393E-5C39-47D1-8CE2-771375A3B41C}"
EndProject
Project("{9A19103F-16F7-4668-BE54-9A1E7A4F7556}") = "Develop02", "prove\Develop02\Develop02.csproj", "{E6C94CED-2652-4688-967E-3BE16B58F520}"
EndProject
Project("{9A19103F-16F7-4668-BE54-9A1E7A4F7556}") = "Develop03", "prove\Develop03\Develop03.csproj", "{0A47EACC-B734-43A7-9E90-28DFD33234F9}"
EndProject
Project("{9A19103F-16F7-4668-BE54-9A1E7A4F7556}") = "Develop05", "prove\Develop05\Develop05.csproj", "{26699672-EF7C-4287-BFF9-4F368C0B76FA}"
EndProject
Project("{9A19103F-16F7-4668-BE54-9A1E7A4F7556}") = "Develop06", "prove\Develop06\Develop06.csproj", "{7B196E0C-8195-4894-B878-10356C529668}"
EndProject
Project("{2150E333-8FDC-42A3-9474-1A3956D46DE8}") = "sandbox", "sandbox", "{98D9C1AB-621D-45AD-9EBE-DC8DB8286735}"
EndProject
Project("{9A19103F-16F7-4668-BE54-9A1E7A4F7556}") = "Sandbox", "sandbox\Sandbox\Sandbox.csproj", "{33BF5536-C330-41E3-99E9-47979A760B64}"
EndProject
Global
	GlobalSection(SolutionConfigurationPlatforms) = preSolution
		Debug|Any CPU = Debug|Any CPU
		Release|Any CPU = Release|Any CPU
	EndGlobalSection
	GlobalSection(ProjectConfigurationPlatforms) = postSolution
		{347FEAB7-DC4F-400E-860B-C365D3AC869F}.Debug|Any CPU.ActiveCfg = Debug|Any CPU
		{347FEAB7-DC4F-400E-860B-C365D3AC869F}.Debug|Any CPU.Build.0 = Debug|Any CPU
		{347FEAB7-DC4F-400E-860B-C365D3AC869F}.Release|Any CPU.ActiveCfg = Release|Any CPU
		{347FEAB7-DC4F-400E-860B-C365D3AC869F}.Release|Any CPU.Build.0 = Release|Any CPU
		{3A73BB8C-E8EB-4155-A009-263D577B5605}.Debug|Any CPU.ActiveCfg = Debug|Any CPU
		{3A73BB8C-E8EB-4155-A009-263D577B5605}.Debug|Any CPU.Build.0 = Debug|Any CPU
		{3A73BB8C-E8EB-4155-A009-263D577B5605}.Release|Any CPU.ActiveCfg = Release|Any CPU
		{3A73BB8C-E8EB-4155-A009-263D577B5605}.Release|Any CPU.Build.0 = Release|Any CPU
		{77B1D662-AB61-4D3D-9601-CD432CCBCCEE}.Debug|Any CPU.ActiveCfg = Debug|Any CPU
		{77B1D662-AB61-4D3D-9601-CD432CCBCCEE}.Debug|Any CPU.Build.0 = Debug|Any CPU
		{77B1D662-AB61-4D3D-9601-CD432CCBCCEE}.Release|Any CPU.ActiveCfg = Release|Any CPU
		{77B1D662-AB61-4D3D-9601-CD432CCBCCEE}.Release|Any CPU.Build.0 = Release|Any CPU
		{699ED8BC-C6EC-4002-84FF-DF6BEC876DB7}.Debug|Any CPU.ActiveCfg = Debug|Any CPU
		{699ED8BC-C6EC-4002-84FF-DF6BEC876DB7}.Debug|Any CPU.Build.0 = Debug|Any CPU
		{699ED8BC-C6EC-4002-84FF-DF6BEC876DB7}.Release|Any CPU.ActiveCfg = Release|Any CPU
		{699ED8BC-C6EC-4002-84FF-DF6BEC876DB7}.Release|Any CPU.Build.0 = Release|Any CPU
		{070904D8-140F-4A1C-B9D4-1A934DBF1B49}.Debug|Any CPU.ActiveCfg = Debug|Any CPU
		{070904D8-140F-4A1C-B9D4-1A934DBF1B49}.Debug|Any CPU.Build.0 = Debug|Any CPU
		{070904D8-140F-4A1C-B9D4-1A934DBF1B49}.Release|Any CPU.ActiveCfg = Release|Any CPU
		{070904D8-140F-4A1C-B9D4-1A934DBF1B49}.Release|Any CPU.Build.0 = Release|Any CPU
		{C6679660-2ADC-411D-9FB4-E849EC14E429}.Debug|Any CPU.ActiveCfg = Debug|Any CPU
		{C6679660-2ADC-411D-9FB4-E849EC14E429}.Debug|Any CPU.Build.0 = Debug|Any CPU
		{C6679660-2ADC-411D-9FB4-E849EC14E429}.Release|Any CPU.ActiveCfg = Release|Any CPU
		{C6679660-2ADC-411D-9FB4-E849EC14E429}.Release|Any CPU.Build.0 = Release|Any CPU
		{6139816B-4A0E-4069-8157-A09308991624}.Debug|Any CPU.ActiveCfg = Debug|Any CPU
		{6139816B-4A0E-4069-8157-A09308991624}.Debug|Any CPU.Build.0 = Debug|Any CPU
		{6139816B-4A0E-4069-8157-A09308991624}.Release|Any CPU.ActiveCfg = Release|Any CPU
		{6139816B-4A0E-4069-8157-A09308991624}.Release|Any CPU.Build.0 = Release|Any CPU
		{B9BDCC57-4BF6-4A6D-8AE6-6C259115FF30}.Debug|Any CPU.ActiveCfg = Debug|Any CPU
		{B9BDCC57-4BF6-4A6D-8AE6-6C259115FF30}.Debug|Any CPU.Build.0 = Debug|Any CPU
		{B9BDCC57-4BF6-4A6D-8AE6-6C259115FF30}.Release|Any CPU.ActiveCfg = Release|Any CPU
		{B9BDCC57-4BF6-4A6D-8AE6-6C259115FF30}.Release|Any CPU.Build.0 = Release|Any CPU
		{AFEBC157-3811-4C76-87F7-F2DA92201157}.Debug|Any CPU.ActiveCfg = Debug|Any CPU
		{AFEBC157-3811-4C76-87F7-F2DA92201157}.Debug|Any CPU.Build.0 = Debug|Any CPU
		{AFEBC157-3811-4C76-87F7-F2DA92201157}.Release|Any CPU.ActiveCfg = Release|Any CPU
		{AFEBC157-3811-4C76-87F7-F2DA92201157}.Release|Any CPU.Build.0 = Release|Any CPU
		{8A19CCF9-7FFE-46C1-8C47-2163CF813B8E}.Debug|Any CPU.ActiveCfg = Debug|Any CPU
		{8A19CCF9-7FFE-46C1-8C47-2163CF813B8E}.Debug|Any CPU.Build.0 = Debug|Any CPU
		{8A19CCF9-7FFE-46C1-8C47-2163CF813B8E}.Release|Any CPU.ActiveCfg = Release|Any CPU
		{8A19CCF9-7FFE-46C1-8C47-2163CF813B8E}.Release|Any CPU.Build.0 = Release|Any CPU
		{10F07899-705F-4DDA-BF04-68967E4793D6}.Debug|Any CPU.ActiveCfg = Debug|Any CPU
		{10F07899-705F-4DDA-BF04-68967E4793D6}.Debug|Any CPU.Build.0 = Debug|Any CPU
		{10F07899-705F-4DDA-BF04-68967E4793D6}.Release|Any CPU.ActiveCfg = Release|Any CPU
		{10F07899-705F-4DDA-BF04-68967E4793D6}.Release|Any CPU.Build.0 = Release|Any CPU
		{4C409212-590F-4E23-AF8D-6D1F4022BDEC}.Debug|Any CPU.ActiveCfg = Debug|Any CPU
		{4C409212-590F-4E23-AF8D-6D1F4022BDEC}.Debug|Any CPU.Build.0 = Debug|Any CPU
		{4C409212-590F-4E23-AF8D-6D1F4022BDEC}.Release|Any CPU.ActiveCfg = Release|Any CPU
		{4C409212-590F-4E23-AF8D-6D1F4022BDEC}.Release|Any CPU.Build.0 = Release|Any CPU
		{8DF1528B-37D5-437B-99C0-95464EC89EDB}.Debug|Any CPU.ActiveCfg = Debug|Any CPU
		{8DF1528B-37D5-437B-99C0-95464EC89EDB}.Debug|Any CPU.Build.0 = Debug|Any CPU
		{8DF1528B-37D5-437B-99C0-95464EC89EDB}.Release|Any CPU.ActiveCfg = Release|Any CPU
		{8DF1528B-37D5-437B-99C0-95464EC89EDB}.Release|Any CPU.Build.0 = Release|Any CPU
		{E6C94CED-2652-4688-967E-3BE16B58F520}.Debug|Any CPU.ActiveCfg = Debug|Any CPU
		{E6C94CED-2652-4688-967E-3BE16B58F520}.Debug|Any CPU.Build.0 = Debug|Any CPU
		{E6C94CED-2652-4688-967E-3BE16B58F520}.Release|Any CPU.ActiveCfg = Release|Any CPU
		{E6C94CED-2652-4688-967E-3BE16B58F520}.Release|Any CPU.Build.0 = Release|Any CPU
		{0A47EACC-B734-43A7-9E90-28DFD33234F9}.Debug|Any CPU.ActiveCfg = Debug|Any CPU
		{0A47EACC-B734-43A7-9E90-28DFD33234F9}.Debug|Any CPU.Build.0 = Debug|Any CPU
		{0A47EACC-B734-43A7-9E90-28DFD33234F9}.Release|Any CPU.ActiveCfg = Release|Any CPU
		{0A47EACC-B734-43A7-9E90-28DFD33234F9}.Release|Any CPU.Build.0 = Release|Any CPU
		{26699672-EF7C-4287-BFF9-4F368C0B76FA}.Debug|Any CPU.ActiveCfg = Debug|Any CPU
		{26699672-EF7C-4287-BFF9-4F368C0B76FA}.Debug|Any CPU.Build.0 = Debug|Any CPU
		{26699672-EF7C-4287-BFF9-4F368C0B76FA}.Release|Any CPU.ActiveCfg = Release|Any CPU
		{26699672-EF7C-4287-BFF9-4F368C0B76FA}.Release|Any CPU.Build.0 = Release|Any CPU
		{7B196E0C-8195-4894-B878-10356C529668}.Debug|Any CPU.ActiveCfg = Debug|Any CPU
		{7B196E0C-8195-4894-B878-10356C529668}.Debug|Any CPU.Build.0 = Debug|Any CPU
		{7B196E0C-8195-4894-B878-10356C529668}.Release|Any CPU.ActiveCfg = Release|Any CPU
		{7B196E0C-8195-4894-B878-10356C529668}.Release|Any CPU.Build.0 = Release|Any CPU
		{33BF5536-C330-41E3-99E9-47979A760B64}.Debug|Any CPU.ActiveCfg = Debug|Any CPU
		{33BF5536-C330-41E3-99E9-47979A760B64}.Debug|Any CPU.Build.0 = Debug|Any CPU
		{33BF5536-C330-41E3-99E9-47979A760B64}.Release|Any CPU.ActiveCfg = Release|Any CPU
		{33BF5536-C330-41E3-99E9-47979A760B64}.Release|Any CPU.Build.0 = Release|Any CPU
	EndGlobalSection
	GlobalSection(SolutionProperties) = preSolution
		HideSolutionNode = FALSE
	EndGlobalSection
	GlobalSection(NestedProjects) = preSolution
		{3A73BB8C-E8EB-4155-A009-263D577B5605} = {7EC5C013-63B7-4532-9045-5541E3559FA1}
		{77B1D662-AB61-4D3D-9601-CD432CCBCCEE} = {7EC5C013-63B7-4532-9045-5541E3559FA1}
		{699ED8BC-C6EC-4002-84FF-DF6BEC876DB7} = {7EC5C013-63B7-4532-9045-5541E3559FA1}
		{070904D8-140F-4A1C-B9D4-1A934DBF1B49} = {7EC5C013-63B7-4532-9045-5541E3559FA1}
		{C6679660-2ADC-411D-9FB4-E849EC14E429} = {7EC5C013-63B7-4532-9045-5541E3559FA1}
		{6139816B-4A0E-4069-8157-A09308991624} = {DA6AC5EC-8C9B-40F1-8C00-757BCBB6FC07}
		{B9BDCC57-4BF6-4A6D-8AE6-6C259115FF30} = {DA6AC5EC-8C9B-40F1-8C00-757BCBB6FC07}
		{AFEBC157-3811-4C76-87F7-F2DA92201157} = {DA6AC5EC-8C9B-40F1-8C00-757BCBB6FC07}
		{8A19CCF9-7FFE-46C1-8C47-2163CF813B8E} = {B50FE095-69EC-4AC4-BF8D-3B2102088A32}
		{10F07899-705F-4DDA-BF04-68967E4793D6} = {B50FE095-69EC-4AC4-BF8D-3B2102088A32}
		{4C409212-590F-4E23-AF8D-6D1F4022BDEC} = {B50FE095-69EC-4AC4-BF8D-3B2102088A32}
		{8DF1528B-37D5-437B-99C0-95464EC89EDB} = {B50FE095-69EC-4AC4-BF8D-3B2102088A32}
		{E6C94CED-2652-4688-967E-3BE16B58F520} = {8DEC393E-5C39-47D1-8CE2-771375A3B41C}
		{0A47EACC-B734-43A7-9E90-28DFD33234F9} = {8DEC393E-5C39-47D1-8CE2-771375A3B41C}
		{26699672-EF7C-4287-BFF9-4F368C0B76FA} = {8DEC393E-5C39-47D1-8CE2-771375A3B41C}
		{7B196E0C-8195-4894-B878-10356C529668} = {8DEC393E-5C39-47D1-8CE2-771375A3B41C}
		{33BF5536-C330-41E3-99E9-47979A760B64} = {98D9C1AB-621D-45AD-9EBE-DC8DB8286735}
	EndGlobalSection
	GlobalSection(ExtensibilityGlobals) = postSolution
		SolutionGuid = {5B7B53F0-B716-4437-9F31-FCF61170C9D0}
	EndGlobalSection
EndGlobal
